
Microsoft Visual Studio Solution File, Format Version 12.00
# Visual Studio Version 16
VisualStudioVersion = 16.0.30717.126
MinimumVisualStudioVersion = 10.0.40219.1
Project("{FAE04EC0-301F-11D3-BF4B-00C04F79EFBC}") = "QuanLyPhongTinHoc", "QuanLyPhongTinHoc\QuanLyPhongTinHoc.csproj", "{5CD809F8-7CE9-4011-AC1C-637069D2BCB8}"
EndProject
Global
	GlobalSection(SolutionConfigurationPlatforms) = preSolution
		Debug|Any CPU = Debug|Any CPU
		Release|Any CPU = Release|Any CPU
	EndGlobalSection
	GlobalSection(ProjectConfigurationPlatforms) = postSolution
		{5CD809F8-7CE9-4011-AC1C-637069D2BCB8}.Debug|Any CPU.ActiveCfg = Debug|Any CPU
		{5CD809F8-7CE9-4011-AC1C-637069D2BCB8}.Debug|Any CPU.Build.0 = Debug|Any CPU
		{5CD809F8-7CE9-4011-AC1C-637069D2BCB8}.Release|Any CPU.ActiveCfg = Release|Any CPU
		{5CD809F8-7CE9-4011-AC1C-637069D2BCB8}.Release|Any CPU.Build.0 = Release|Any CPU
	EndGlobalSection
	GlobalSection(SolutionProperties) = preSolution
		HideSolutionNode = FALSE
	EndGlobalSection
	GlobalSection(ExtensibilityGlobals) = postSolution
		SolutionGuid = {2270BC3E-93DA-472F-985C-2718726BB478}
	EndGlobalSection
EndGlobal
